{
  "nodes": {
    "augment-command-yazi": {
      "flake": false,
      "locked": {
        "lastModified": 1764053229,
        "narHash": "sha256-HRs/wVEg1fEkMtpT0k4W2rzz/NXbXgBWk3/qhWeZHH0=",
        "owner": "hankertrix",
        "repo": "augment-command.yazi",
        "rev": "f0e6f4468606ac7545b7695decd2c3e7212c23f6",
        "type": "github"
      },
      "original": {
        "owner": "hankertrix",
        "repo": "augment-command.yazi",
        "type": "github"
      }
    },
    "base16": {
      "inputs": {
        "fromYaml": "fromYaml"
      },
      "locked": {
        "lastModified": 1755819240,
        "narHash": "sha256-qcMhnL7aGAuFuutH4rq9fvAhCpJWVHLcHVZLtPctPlo=",
        "owner": "SenchoPens",
        "repo": "base16.nix",
        "rev": "75ed5e5e3fce37df22e49125181fa37899c3ccd6",
        "type": "github"
      },
      "original": {
        "owner": "SenchoPens",
        "repo": "base16.nix",
        "type": "github"
      }
    },
    "base16-fish": {
      "flake": false,
      "locked": {
        "lastModified": 1754405784,
        "narHash": "sha256-l9xHIy+85FN+bEo6yquq2IjD1rSg9fjfjpyGP1W8YXo=",
        "owner": "tomyun",
        "repo": "base16-fish",
        "rev": "23ae20a0093dca0d7b39d76ba2401af0ccf9c561",
        "type": "github"
      },
      "original": {
        "owner": "tomyun",
        "repo": "base16-fish",
        "rev": "23ae20a0093dca0d7b39d76ba2401af0ccf9c561",
        "type": "github"
      }
    },
    "base16-helix": {
      "flake": false,
      "locked": {
        "lastModified": 1752979451,
        "narHash": "sha256-0CQM+FkYy0fOO/sMGhOoNL80ftsAzYCg9VhIrodqusM=",
        "owner": "tinted-theming",
        "repo": "base16-helix",
        "rev": "27cf1e66e50abc622fb76a3019012dc07c678fac",
        "type": "github"
      },
      "original": {
        "owner": "tinted-theming",
        "repo": "base16-helix",
        "type": "github"
      }
    },
    "base16-vim": {
      "flake": false,
      "locked": {
        "lastModified": 1732806396,
        "narHash": "sha256-e0bpPySdJf0F68Ndanwm+KWHgQiZ0s7liLhvJSWDNsA=",
        "owner": "tinted-theming",
        "repo": "base16-vim",
        "rev": "577fe8125d74ff456cf942c733a85d769afe58b7",
        "type": "github"
      },
      "original": {
        "owner": "tinted-theming",
        "repo": "base16-vim",
        "rev": "577fe8125d74ff456cf942c733a85d769afe58b7",
        "type": "github"
      }
    },
    "bunny-yazi": {
      "flake": false,
      "locked": {
        "lastModified": 1758216834,
        "narHash": "sha256-xdRP8Y2ZadNFge7mVhfu2d8DoitknQmkxFV+NIsjsG4=",
        "owner": "stelcodes",
        "repo": "bunny.yazi",
        "rev": "7137a44324235c0f04d4b73e5fdd6845c99db278",
        "type": "github"
      },
      "original": {
        "owner": "stelcodes",
        "repo": "bunny.yazi",
        "type": "github"
      }
    },
    "cd-git-root-yazi": {
      "flake": false,
      "locked": {
        "lastModified": 1754674128,
        "narHash": "sha256-W2ByLHTFN8aMv1d3UfS7FfU7hkKU97rIKWJAHPyKLy0=",
        "owner": "ciarandg",
        "repo": "cd-git-root.yazi",
        "rev": "a0e0f4bef420c392f599569dda770f1827569855",
        "type": "github"
      },
      "original": {
        "owner": "ciarandg",
        "repo": "cd-git-root.yazi",
        "type": "github"
      }
    },
    "duckdb-yazi": {
      "flake": false,
      "locked": {
        "lastModified": 1748504465,
        "narHash": "sha256-XQM459V3HbPgXKgd9LnAIKRQOAaJPdZA/Tp91TSGHqY=",
        "owner": "wylie102",
        "repo": "duckdb.yazi",
        "rev": "3f8c8633d4b02d3099cddf9e892ca5469694ba22",
        "type": "github"
      },
      "original": {
        "owner": "wylie102",
        "repo": "duckdb.yazi",
        "type": "github"
      }
    },
    "fenix": {
      "inputs": {
        "nixpkgs": [
          "fsel",
          "naersk",
          "nixpkgs"
        ],
        "rust-analyzer-src": "rust-analyzer-src"
      },
      "locked": {
        "lastModified": 1752475459,
        "narHash": "sha256-z6QEu4ZFuHiqdOPbYss4/Q8B0BFhacR8ts6jO/F/aOU=",
        "owner": "nix-community",
        "repo": "fenix",
        "rev": "bf0d6f70f4c9a9cf8845f992105652173f4b617f",
        "type": "github"
      },
      "original": {
        "owner": "nix-community",
        "repo": "fenix",
        "type": "github"
      }
    },
    "firefox-gnome-theme": {
      "flake": false,
      "locked": {
        "lastModified": 1758112371,
        "narHash": "sha256-lizRM2pj6PHrR25yimjyFn04OS4wcdbc38DCdBVa2rk=",
        "owner": "rafaelmardojai",
        "repo": "firefox-gnome-theme",
        "rev": "0909cfe4a2af8d358ad13b20246a350e14c2473d",
        "type": "github"
      },
      "original": {
        "owner": "rafaelmardojai",
        "repo": "firefox-gnome-theme",
        "type": "github"
      }
    },
    "flake-parts": {
      "inputs": {
        "nixpkgs-lib": "nixpkgs-lib"
      },
      "locked": {
        "lastModified": 1754487366,
        "narHash": "sha256-pHYj8gUBapuUzKV/kN/tR3Zvqc7o6gdFB9XKXIp1SQ8=",
        "owner": "hercules-ci",
        "repo": "flake-parts",
        "rev": "af66ad14b28a127c5c0f3bbb298218fc63528a18",
        "type": "github"
      },
      "original": {
        "owner": "hercules-ci",
        "repo": "flake-parts",
        "type": "github"
      }
    },
    "flake-parts_2": {
      "inputs": {
        "nixpkgs-lib": "nixpkgs-lib_2"
      },
      "locked": {
        "lastModified": 1730504689,
        "narHash": "sha256-hgmguH29K2fvs9szpq2r3pz2/8cJd2LPS+b4tfNFCwE=",
        "owner": "hercules-ci",
        "repo": "flake-parts",
        "rev": "506278e768c2a08bec68eb62932193e341f55c90",
        "type": "github"
      },
      "original": {
        "owner": "hercules-ci",
        "repo": "flake-parts",
        "type": "github"
      }
    },
    "flake-parts_3": {
      "inputs": {
        "nixpkgs-lib": "nixpkgs-lib_3"
      },
      "locked": {
        "lastModified": 1730504689,
        "narHash": "sha256-hgmguH29K2fvs9szpq2r3pz2/8cJd2LPS+b4tfNFCwE=",
        "owner": "hercules-ci",
        "repo": "flake-parts",
        "rev": "506278e768c2a08bec68eb62932193e341f55c90",
        "type": "github"
      },
      "original": {
        "owner": "hercules-ci",
        "repo": "flake-parts",
        "type": "github"
      }
    },
    "flake-parts_4": {
      "inputs": {
        "nixpkgs-lib": [
          "stylix",
          "nixpkgs"
        ]
      },
      "locked": {
        "lastModified": 1756770412,
        "narHash": "sha256-+uWLQZccFHwqpGqr2Yt5VsW/PbeJVTn9Dk6SHWhNRPw=",
        "owner": "hercules-ci",
        "repo": "flake-parts",
        "rev": "4524271976b625a4a605beefd893f270620fd751",
        "type": "github"
      },
      "original": {
        "owner": "hercules-ci",
        "repo": "flake-parts",
        "type": "github"
      }
    },
    "flake-utils": {
      "inputs": {
        "systems": "systems"
      },
      "locked": {
        "lastModified": 1731533236,
        "narHash": "sha256-l0KFg5HjrsfsO/JpG+r7fRrqm12kzFHyUHqHCVpMMbI=",
        "owner": "numtide",
        "repo": "flake-utils",
        "rev": "11707dc2f618dd54ca8739b309ec4fc024de578b",
        "type": "github"
      },
      "original": {
        "owner": "numtide",
        "repo": "flake-utils",
        "type": "github"
      }
    },
    "flake-utils_2": {
      "inputs": {
        "systems": "systems_5"
      },
      "locked": {
        "lastModified": 1731533236,
        "narHash": "sha256-l0KFg5HjrsfsO/JpG+r7fRrqm12kzFHyUHqHCVpMMbI=",
        "owner": "numtide",
        "repo": "flake-utils",
        "rev": "11707dc2f618dd54ca8739b309ec4fc024de578b",
        "type": "github"
      },
      "original": {
        "owner": "numtide",
        "repo": "flake-utils",
        "type": "github"
      }
    },
    "fromYaml": {
      "flake": false,
      "locked": {
        "lastModified": 1731966426,
        "narHash": "sha256-lq95WydhbUTWig/JpqiB7oViTcHFP8Lv41IGtayokA8=",
        "owner": "SenchoPens",
        "repo": "fromYaml",
        "rev": "106af9e2f715e2d828df706c386a685698f3223b",
        "type": "github"
      },
      "original": {
        "owner": "SenchoPens",
        "repo": "fromYaml",
        "type": "github"
      }
    },
    "fsel": {
      "inputs": {
        "flake-utils": "flake-utils",
        "naersk": "naersk",
        "nixpkgs": "nixpkgs_2"
      },
      "locked": {
        "lastModified": 1763179285,
        "narHash": "sha256-CbX/L310gmEKzx7DIJssmNHsmVsXRsFgAga3S0XflPo=",
        "owner": "Mjoyufull",
        "repo": "fsel",
        "rev": "b497ff0bdf859ca10b540649234bebc40927a6b2",
        "type": "github"
      },
      "original": {
        "owner": "Mjoyufull",
        "repo": "fsel",
        "type": "github"
      }
    },
    "gnome-shell": {
      "flake": false,
      "locked": {
        "host": "gitlab.gnome.org",
        "lastModified": 1762869044,
        "narHash": "sha256-nwm/GJ2Syigf7VccLAZ66mFC8mZJFqpJmIxSGKl7+Ds=",
        "owner": "GNOME",
        "repo": "gnome-shell",
        "rev": "680e3d195a92203f28d4bf8c6e8bb537cc3ed4ad",
        "type": "gitlab"
      },
      "original": {
        "host": "gitlab.gnome.org",
        "owner": "GNOME",
        "ref": "gnome-49",
        "repo": "gnome-shell",
        "type": "gitlab"
      }
    },
    "home-manager": {
      "inputs": {
        "nixpkgs": "nixpkgs_3"
      },
      "locked": {
        "lastModified": 1764177491,
        "narHash": "sha256-dhX2abFWxeXab3Aad4Pg1xGtn9W84/qetNXfmYUwktw=",
        "owner": "nix-community",
        "repo": "home-manager",
        "rev": "2217780c39169a9c77915200137550c2ef0fa974",
        "type": "github"
      },
      "original": {
        "owner": "nix-community",
        "ref": "release-25.11",
        "repo": "home-manager",
        "type": "github"
      }
    },
    "home-manager_2": {
      "inputs": {
        "nixpkgs": [
          "otter-launcher",
          "nixpkgs"
        ]
      },
      "locked": {
        "lastModified": 1754974548,
        "narHash": "sha256-XMjUjKD/QRPcqUnmSDczSYdw46SilnG0+wkho654DFM=",
        "owner": "nix-community",
        "repo": "home-manager",
        "rev": "27a26be51ff0162a8f67660239f9407dba68d7c5",
        "type": "github"
      },
      "original": {
        "owner": "nix-community",
        "repo": "home-manager",
        "type": "github"
      }
    },
    "mediainfo-yazi": {
      "flake": false,
      "locked": {
        "lastModified": 1763207952,
        "narHash": "sha256-K2SHIzmNtICgVchSPB1mtTboyvDPIq+hN3GEOR20hpk=",
        "owner": "boydaihungst",
        "repo": "mediainfo.yazi",
        "rev": "1099409ca956282efe49dea8ab53f8be95feb72a",
        "type": "github"
      },
      "original": {
        "owner": "boydaihungst",
        "repo": "mediainfo.yazi",
        "type": "github"
      }
    },
    "naersk": {
      "inputs": {
        "fenix": "fenix",
        "nixpkgs": "nixpkgs"
      },
      "locked": {
        "lastModified": 1752689277,
        "narHash": "sha256-uldUBFkZe/E7qbvxa3mH1ItrWZyT6w1dBKJQF/3ZSsc=",
        "owner": "nix-community",
        "repo": "naersk",
        "rev": "0e72363d0938b0208d6c646d10649164c43f4d64",
        "type": "github"
      },
      "original": {
        "owner": "nix-community",
        "repo": "naersk",
        "type": "github"
      }
    },
    "nix-index-database": {
      "inputs": {
        "nixpkgs": "nixpkgs_4"
      },
      "locked": {
        "lastModified": 1763870992,
        "narHash": "sha256-NPyc76Wxmv/vAsXJ8F+/8fXECHYcv2YGSqdiSHp/F/A=",
        "owner": "nix-community",
        "repo": "nix-index-database",
        "rev": "d7423982c7a26586aa237d130b14c8b302c7a367",
        "type": "github"
      },
      "original": {
        "owner": "nix-community",
        "repo": "nix-index-database",
        "type": "github"
      }
    },
    "nixCats": {
      "locked": {
        "lastModified": 1763330129,
        "narHash": "sha256-KbOeWIF52SV53BOeETGO2C5ewaV2Ex9iaXH7G72gOr8=",
        "owner": "BirdeeHub",
        "repo": "nixCats-nvim",
        "rev": "c81551ed87db2aefab30a12cf7425ff94dc0ad64",
        "type": "github"
      },
      "original": {
        "owner": "BirdeeHub",
        "repo": "nixCats-nvim",
        "type": "github"
      }
    },
    "nixcats": {
      "inputs": {
        "nixCats": "nixCats",
        "nixpkgs": "nixpkgs_5",
        "plugins-aoc-nvim": "plugins-aoc-nvim",
        "plugins-deadcolumn-nvim": "plugins-deadcolumn-nvim",
        "plugins-fyler-nvim": "plugins-fyler-nvim",
        "plugins-hlargs": "plugins-hlargs",
        "plugins-mdx-nvim": "plugins-mdx-nvim",
        "plugins-mini-align": "plugins-mini-align",
        "plugins-mini-animate": "plugins-mini-animate",
        "plugins-neotab": "plugins-neotab",
        "plugins-nvim-colorizer-lua": "plugins-nvim-colorizer-lua",
        "plugins-quadlet-lsp-nvim": "plugins-quadlet-lsp-nvim",
        "plugins-tiny-glimmer-nvim": "plugins-tiny-glimmer-nvim",
        "plugins-tmux-navigate": "plugins-tmux-navigate",
        "plugins-toggleterm-manager-nvim": "plugins-toggleterm-manager-nvim",
        "plugins-typewriter-nvim": "plugins-typewriter-nvim",
        "quadlet-lsp": "quadlet-lsp"
      },
      "locked": {
        "lastModified": 1763856026,
        "narHash": "sha256-ptFdoMoo/psWlGgCWDYlS9C/Df8nk8nt+bvpmTcyy6g=",
        "ref": "refs/heads/main",
        "rev": "dfb4eaec2d321f77c7d5d7abc2a38e3425548738",
        "revCount": 289,
        "type": "git",
        "url": "file:///home/rbm/src/redbeardymcgee/nixcats"
      },
      "original": {
        "type": "git",
        "url": "file:///home/rbm/src/redbeardymcgee/nixcats"
      }
    },
    "nixos-hardware": {
      "locked": {
        "lastModified": 1764080039,
        "narHash": "sha256-b1MtLQsQc4Ji1u08f+C6g5XrmLPkJQ1fhNkCt+0AERQ=",
        "owner": "NixOS",
        "repo": "nixos-hardware",
        "rev": "da17006633ca9cda369be82893ae36824a2ddf1a",
        "type": "github"
      },
      "original": {
        "owner": "NixOS",
        "repo": "nixos-hardware",
        "type": "github"
      }
    },
    "nixpkgs": {
      "locked": {
        "lastModified": 1752077645,
        "narHash": "sha256-HM791ZQtXV93xtCY+ZxG1REzhQenSQO020cu6rHtAPk=",
        "owner": "NixOS",
        "repo": "nixpkgs",
        "rev": "be9e214982e20b8310878ac2baa063a961c1bdf6",
        "type": "github"
      },
      "original": {
        "owner": "NixOS",
        "ref": "nixpkgs-unstable",
        "repo": "nixpkgs",
        "type": "github"
      }
    },
    "nixpkgs-lib": {
      "locked": {
        "lastModified": 1753579242,
        "narHash": "sha256-zvaMGVn14/Zz8hnp4VWT9xVnhc8vuL3TStRqwk22biA=",
        "owner": "nix-community",
        "repo": "nixpkgs.lib",
        "rev": "0f36c44e01a6129be94e3ade315a5883f0228a6e",
        "type": "github"
      },
      "original": {
        "owner": "nix-community",
        "repo": "nixpkgs.lib",
        "type": "github"
      }
    },
    "nixpkgs-lib_2": {
      "locked": {
        "lastModified": 1730504152,
        "narHash": "sha256-lXvH/vOfb4aGYyvFmZK/HlsNsr/0CVWlwYvo2rxJk3s=",
        "type": "tarball",
        "url": "https://github.com/NixOS/nixpkgs/archive/cc2f28000298e1269cea6612cd06ec9979dd5d7f.tar.gz"
      },
      "original": {
        "type": "tarball",
        "url": "https://github.com/NixOS/nixpkgs/archive/cc2f28000298e1269cea6612cd06ec9979dd5d7f.tar.gz"
      }
    },
    "nixpkgs-lib_3": {
      "locked": {
        "lastModified": 1730504152,
        "narHash": "sha256-lXvH/vOfb4aGYyvFmZK/HlsNsr/0CVWlwYvo2rxJk3s=",
        "type": "tarball",
        "url": "https://github.com/NixOS/nixpkgs/archive/cc2f28000298e1269cea6612cd06ec9979dd5d7f.tar.gz"
      },
      "original": {
        "type": "tarball",
        "url": "https://github.com/NixOS/nixpkgs/archive/cc2f28000298e1269cea6612cd06ec9979dd5d7f.tar.gz"
      }
    },
    "nixpkgs_10": {
      "locked": {
        "lastModified": 1762977756,
        "narHash": "sha256-4PqRErxfe+2toFJFgcRKZ0UI9NSIOJa+7RXVtBhy4KE=",
        "owner": "NixOS",
        "repo": "nixpkgs",
        "rev": "c5ae371f1a6a7fd27823bc500d9390b38c05fa55",
        "type": "github"
      },
      "original": {
        "owner": "NixOS",
        "ref": "nixos-unstable",
        "repo": "nixpkgs",
        "type": "github"
      }
    },
    "nixpkgs_11": {
      "locked": {
        "lastModified": 1763806073,
        "narHash": "sha256-FHsEKDvfWpzdADWj99z7vBk4D716Ujdyveo5+A048aI=",
        "owner": "NixOS",
        "repo": "nixpkgs",
        "rev": "878e468e02bfabeda08c79250f7ad583037f2227",
        "type": "github"
      },
      "original": {
        "owner": "NixOS",
        "ref": "nixpkgs-unstable",
        "repo": "nixpkgs",
        "type": "github"
      }
    },
    "nixpkgs_2": {
      "locked": {
        "lastModified": 1759831965,
        "narHash": "sha256-vgPm2xjOmKdZ0xKA6yLXPJpjOtQPHfaZDRtH+47XEBo=",
        "owner": "NixOS",
        "repo": "nixpkgs",
        "rev": "c9b6fb798541223bbb396d287d16f43520250518",
        "type": "github"
      },
      "original": {
        "owner": "NixOS",
        "ref": "nixos-unstable",
        "repo": "nixpkgs",
        "type": "github"
      }
    },
    "nixpkgs_3": {
      "locked": {
        "lastModified": 1764020296,
        "narHash": "sha256-6zddwDs2n+n01l+1TG6PlyokDdXzu/oBmEejcH5L5+A=",
        "owner": "NixOS",
        "repo": "nixpkgs",
        "rev": "a320ce8e6e2cc6b4397eef214d202a50a4583829",
        "type": "github"
      },
      "original": {
        "owner": "NixOS",
        "ref": "nixos-25.11",
        "repo": "nixpkgs",
        "type": "github"
      }
    },
    "nixpkgs_4": {
      "locked": {
        "lastModified": 1763678758,
        "narHash": "sha256-+hBiJ+kG5IoffUOdlANKFflTT5nO3FrrR2CA3178Y5s=",
        "owner": "NixOS",
        "repo": "nixpkgs",
        "rev": "117cc7f94e8072499b0a7aa4c52084fa4e11cc9b",
        "type": "github"
      },
      "original": {
        "owner": "NixOS",
        "ref": "nixos-unstable",
        "repo": "nixpkgs",
        "type": "github"
      }
    },
    "nixpkgs_5": {
      "locked": {
        "lastModified": 1763618868,
        "narHash": "sha256-v5afmLjn/uyD9EQuPBn7nZuaZVV9r+JerayK/4wvdWA=",
        "owner": "nixos",
        "repo": "nixpkgs",
        "rev": "a8d610af3f1a5fb71e23e08434d8d61a466fc942",
        "type": "github"
      },
      "original": {
        "owner": "nixos",
        "ref": "nixpkgs-unstable",
        "repo": "nixpkgs",
        "type": "github"
      }
    },
    "nixpkgs_6": {
      "locked": {
        "lastModified": 1762977756,
        "narHash": "sha256-4PqRErxfe+2toFJFgcRKZ0UI9NSIOJa+7RXVtBhy4KE=",
        "owner": "NixOS",
        "repo": "nixpkgs",
        "rev": "c5ae371f1a6a7fd27823bc500d9390b38c05fa55",
        "type": "github"
      },
      "original": {
        "owner": "NixOS",
        "ref": "nixos-unstable",
        "repo": "nixpkgs",
        "type": "github"
      }
    },
    "nixpkgs_7": {
      "locked": {
        "lastModified": 1764020296,
        "narHash": "sha256-6zddwDs2n+n01l+1TG6PlyokDdXzu/oBmEejcH5L5+A=",
        "owner": "nixos",
        "repo": "nixpkgs",
        "rev": "a320ce8e6e2cc6b4397eef214d202a50a4583829",
        "type": "github"
      },
      "original": {
        "owner": "nixos",
        "ref": "nixos-25.11",
        "repo": "nixpkgs",
        "type": "github"
      }
    },
    "nixpkgs_8": {
      "locked": {
        "lastModified": 1754725699,
        "narHash": "sha256-iAcj9T/Y+3DBy2J0N+yF9XQQQ8IEb5swLFzs23CdP88=",
        "owner": "NixOS",
        "repo": "nixpkgs",
        "rev": "85dbfc7aaf52ecb755f87e577ddbe6dbbdbc1054",
        "type": "github"
      },
      "original": {
        "owner": "NixOS",
        "ref": "nixos-unstable",
        "repo": "nixpkgs",
        "type": "github"
      }
    },
    "nixpkgs_9": {
      "locked": {
        "lastModified": 1731676054,
        "narHash": "sha256-OZiZ3m8SCMfh3B6bfGC/Bm4x3qc1m2SVEAlkV6iY7Yg=",
        "owner": "nixos",
        "repo": "nixpkgs",
        "rev": "5e4fbfb6b3de1aa2872b76d49fafc942626e2add",
        "type": "github"
      },
      "original": {
        "owner": "nixos",
        "ref": "nixos-unstable",
        "repo": "nixpkgs",
        "type": "github"
      }
    },
    "nur": {
      "inputs": {
        "flake-parts": [
          "stylix",
          "flake-parts"
        ],
        "nixpkgs": [
          "stylix",
          "nixpkgs"
        ]
      },
      "locked": {
        "lastModified": 1758998580,
        "narHash": "sha256-VLx0z396gDCGSiowLMFz5XRO/XuNV+4EnDYjdJhHvUk=",
        "owner": "nix-community",
        "repo": "NUR",
        "rev": "ba8d9c98f5f4630bcb0e815ab456afd90c930728",
        "type": "github"
      },
      "original": {
        "owner": "nix-community",
        "repo": "NUR",
        "type": "github"
      }
    },
    "otter-launcher": {
      "inputs": {
        "flake-parts": "flake-parts",
        "home-manager": "home-manager_2",
        "nixpkgs": "nixpkgs_8",
        "systems": "systems_2"
      },
      "locked": {
        "lastModified": 1763478013,
        "narHash": "sha256-Yck7BAfsRrQ3/SakzGnFUxJPWG/c4Lczp2lXigrtBG0=",
        "owner": "kuokuo123",
        "repo": "otter-launcher",
        "rev": "a4f3ef918152d0cf6f6b7fe15d784f9f88fc4496",
        "type": "github"
      },
      "original": {
        "owner": "kuokuo123",
        "repo": "otter-launcher",
        "type": "github"
      }
    },
    "ouch-yazi": {
      "flake": false,
      "locked": {
        "lastModified": 1764090424,
        "narHash": "sha256-6TyKPsapXJMiSRFrKRfP/hamOiG6LfgbPp7flh5tKoo=",
        "owner": "ndtoan96",
        "repo": "ouch.yazi",
        "rev": "cfb91404d3d83bcf7bbf90d689d226699b0e4147",
        "type": "github"
      },
      "original": {
        "owner": "ndtoan96",
        "repo": "ouch.yazi",
        "type": "github"
      }
    },
    "plugins-aoc-nvim": {
      "flake": false,
      "locked": {
        "lastModified": 1755069722,
        "narHash": "sha256-YteFjsPac3rBSOlw5SmcagXSYwhTEMf0kVa5hLDFRE0=",
        "owner": "csessh",
        "repo": "aoc.nvim",
        "rev": "da636bf21014553510c4780aa6e374a91b6f4b2c",
        "type": "github"
      },
      "original": {
        "owner": "csessh",
        "repo": "aoc.nvim",
        "type": "github"
      }
    },
    "plugins-deadcolumn-nvim": {
      "flake": false,
      "locked": {
        "lastModified": 1756951626,
        "narHash": "sha256-uYiq6ZbvbHf5eY5EUW70CamlB7DHMY5CQu2hicoCY5I=",
        "owner": "Bekaboo",
        "repo": "deadcolumn.nvim",
        "rev": "92c86f10bfba2717ca2280e2e759b047135d5288",
        "type": "github"
      },
      "original": {
        "owner": "Bekaboo",
        "repo": "deadcolumn.nvim",
        "type": "github"
      }
    },
    "plugins-fyler-nvim": {
      "flake": false,
      "locked": {
        "lastModified": 1763815723,
        "narHash": "sha256-kmg+Um9UnL4+UG6YUef30a4kPoZQuNZ9BwFTHPeVAaQ=",
        "owner": "A7Lavinraj",
        "repo": "fyler.nvim",
        "rev": "962b449b6befef5c7ae252c944459ee3b7d4e4fe",
        "type": "github"
      },
      "original": {
        "owner": "A7Lavinraj",
        "repo": "fyler.nvim",
        "type": "github"
      }
    },
    "plugins-hlargs": {
      "flake": false,
      "locked": {
        "lastModified": 1758619418,
        "narHash": "sha256-WjmVefR0qk2ANWgyHSuYMTuCfzlVTF7tqzAL+uatKkc=",
        "owner": "m-demare",
        "repo": "hlargs.nvim",
        "rev": "0b29317c944fb1f76503ce4540d6dceffbb5ccd2",
        "type": "github"
      },
      "original": {
        "owner": "m-demare",
        "repo": "hlargs.nvim",
        "type": "github"
      }
    },
    "plugins-mdx-nvim": {
      "flake": false,
      "locked": {
        "lastModified": 1736017392,
        "narHash": "sha256-jpMcrWx/Rg9sMfkQFXnIM8VB5qRuSB/70wuSh6Y5uFk=",
        "owner": "davidmh",
        "repo": "mdx.nvim",
        "rev": "464a74be368dce212cff02f6305845dc7f209ab3",
        "type": "github"
      },
      "original": {
        "owner": "davidmh",
        "repo": "mdx.nvim",
        "type": "github"
      }
    },
    "plugins-mini-align": {
      "flake": false,
      "locked": {
        "lastModified": 1762188604,
        "narHash": "sha256-6+XyFObwdV9FFLS/GMxDvvObPYXXkll0lSVAIaibC/k=",
        "owner": "nvim-mini",
        "repo": "mini.align",
        "rev": "60c61c8c63dca41b5ac6bfc36b52df69b1a03e6b",
        "type": "github"
      },
      "original": {
        "owner": "nvim-mini",
        "repo": "mini.align",
        "type": "github"
      }
    },
    "plugins-mini-animate": {
      "flake": false,
      "locked": {
        "lastModified": 1762188604,
        "narHash": "sha256-9Wd000OvRT6EdT5g/KMH/h22cbjhj9AdE7KjWAkFB7A=",
        "owner": "nvim-mini",
        "repo": "mini.animate",
        "rev": "0365de8b69331c25d0d0d7573407a7dc7719e578",
        "type": "github"
      },
      "original": {
        "owner": "nvim-mini",
        "repo": "mini.animate",
        "type": "github"
      }
    },
    "plugins-neotab": {
      "flake": false,
      "locked": {
        "lastModified": 1754332989,
        "narHash": "sha256-pSLvpKqfi1hQrFAYmXTOUOYERtnr79M23z5so2JOGhE=",
        "owner": "kawre",
        "repo": "neotab.nvim",
        "rev": "e99d3e28c5a2066d2d368dfe4ef3827c8d75d337",
        "type": "github"
      },
      "original": {
        "owner": "kawre",
        "repo": "neotab.nvim",
        "type": "github"
      }
    },
    "plugins-nvim-colorizer-lua": {
      "flake": false,
      "locked": {
        "lastModified": 1762088486,
        "narHash": "sha256-1faAhmHrYhCyeVc4vRaRWC1OW38POjTEwORjtnRdoV4=",
        "owner": "catgoose",
        "repo": "nvim-colorizer.lua",
        "rev": "81e676d3203c9eb6e4c0ccf1eba1679296ef923f",
        "type": "github"
      },
      "original": {
        "owner": "catgoose",
        "repo": "nvim-colorizer.lua",
        "type": "github"
      }
    },
    "plugins-quadlet-lsp-nvim": {
      "flake": false,
      "locked": {
        "lastModified": 1762896356,
        "narHash": "sha256-pFblSArmgSeIScwUoN9wd3d4724CimdYgj69WtrHDKk=",
        "owner": "onlyati",
        "repo": "quadlet-lsp.nvim",
        "rev": "8df3297dbf5ca5da1aa8bd79dfbf1e4240ead3b4",
        "type": "github"
      },
      "original": {
        "owner": "onlyati",
        "repo": "quadlet-lsp.nvim",
        "type": "github"
      }
    },
    "plugins-tiny-glimmer-nvim": {
      "flake": false,
      "locked": {
        "lastModified": 1763851743,
        "narHash": "sha256-4dSD4mosR87cA3Z+hm44y/krRtIDarWSTwPAKC9pqAo=",
        "owner": "rachartier",
        "repo": "tiny-glimmer.nvim",
        "rev": "e83bab26665c2dd4153b8a24e172e674e7c6dee7",
        "type": "github"
      },
      "original": {
        "owner": "rachartier",
        "repo": "tiny-glimmer.nvim",
        "type": "github"
      }
    },
    "plugins-tmux-navigate": {
      "flake": false,
      "locked": {
        "lastModified": 1665505688,
        "narHash": "sha256-Rn/rIbFx2zCyzvLZmbf7q1nF97Yi9dONUDv1QDcscxo=",
        "owner": "sunaku",
        "repo": "tmux-navigate",
        "rev": "27c83cd229bceff55e6318cce7945995623a6106",
        "type": "github"
      },
      "original": {
        "owner": "sunaku",
        "repo": "tmux-navigate",
        "type": "github"
      }
    },
    "plugins-toggleterm-manager-nvim": {
      "flake": false,
      "locked": {
        "lastModified": 1701400122,
        "narHash": "sha256-7t61kcqeOS9hPXc9y88Sa8D0ZXIqxCXtxFQzmHKFJ8c=",
        "owner": "ryanmsnyder",
        "repo": "toggleterm-manager.nvim",
        "rev": "31318b85a7cc20bf50ce32aedf4e835844133863",
        "type": "github"
      },
      "original": {
        "owner": "ryanmsnyder",
        "repo": "toggleterm-manager.nvim",
        "type": "github"
      }
    },
    "plugins-typewriter-nvim": {
      "flake": false,
      "locked": {
        "lastModified": 1760919014,
        "narHash": "sha256-B3b3WWSfp5yP85Ky5IedO6iBvajwUfoVPBxa6+NhSEg=",
        "owner": "joshuadanpeterson",
        "repo": "typewriter.nvim",
        "rev": "1554b1a100b53484befda9d15a78e09373ed1a45",
        "type": "github"
      },
      "original": {
        "owner": "joshuadanpeterson",
        "repo": "typewriter.nvim",
        "type": "github"
      }
    },
    "posting": {
      "inputs": {
        "flake-parts": "flake-parts_2",
        "nixpkgs": "nixpkgs_9",
        "textual-autocomplete": "textual-autocomplete"
      },
      "locked": {
        "lastModified": 1732291437,
        "narHash": "sha256-wWNulTWny2Ga5CFipGz4VxuN9HG51sT4k7vu7Z0+oMA=",
        "owner": "justdeeevin",
        "repo": "posting",
        "rev": "05fc6c1835909da18838ab35f52d01db54eba0c9",
        "type": "github"
      },
      "original": {
        "owner": "justdeeevin",
        "ref": "flake",
        "repo": "posting",
        "type": "github"
      }
    },
    "pref-by-location-yazi": {
      "flake": false,
      "locked": {
        "lastModified": 1754749678,
        "narHash": "sha256-4CPScCsZBbO6ztpSR7PA5O8WmJD0IPRnDQ8QnSbgZJ4=",
        "owner": "boydaihungst",
        "repo": "pref-by-location.yazi",
        "rev": "882e75297a2a07cd892e383800d493ad484f7eec",
        "type": "github"
      },
      "original": {
        "owner": "boydaihungst",
        "repo": "pref-by-location.yazi",
        "type": "github"
      }
    },
    "quadlet-lsp": {
      "inputs": {
        "nixpkgs": "nixpkgs_6"
      },
      "locked": {
        "lastModified": 1763844534,
        "narHash": "sha256-6bZD5OXr9NbNQansH29sFYMKa+ZVz4cR4CvC9Y/Ahlc=",
        "owner": "onlyati",
        "repo": "quadlet-lsp",
        "rev": "74e25e04f3daff55497e6a05c2aad0165cf0024a",
        "type": "github"
      },
      "original": {
        "owner": "onlyati",
        "repo": "quadlet-lsp",
        "type": "github"
      }
    },
    "recycle-bin-yazi": {
      "flake": false,
      "locked": {
        "lastModified": 1762872661,
        "narHash": "sha256-LzqFBLqaclRgjyLKL0OxlAao+MMivh4Ww7UZf2gcOUM=",
        "owner": "uhs-robert",
        "repo": "recycle-bin.yazi",
        "rev": "1762676a032e0de6d4712ae06d14973670621f61",
        "type": "github"
      },
      "original": {
        "owner": "uhs-robert",
        "repo": "recycle-bin.yazi",
        "type": "github"
      }
    },
    "restore-yazi": {
      "flake": false,
      "locked": {
        "lastModified": 1758798043,
        "narHash": "sha256-W3P7UhEtmv0JfcKUd+g/HBPy4ML8qgmgnOVaYKN0TSU=",
        "owner": "boydaihungst",
        "repo": "restore.yazi",
        "rev": "2161735f840e36974a6b4b0007c3e4184a085208",
        "type": "github"
      },
      "original": {
        "owner": "boydaihungst",
        "repo": "restore.yazi",
        "type": "github"
      }
    },
    "root": {
      "inputs": {
        "augment-command-yazi": "augment-command-yazi",
        "bunny-yazi": "bunny-yazi",
        "cd-git-root-yazi": "cd-git-root-yazi",
        "duckdb-yazi": "duckdb-yazi",
        "fsel": "fsel",
        "home-manager": "home-manager",
        "mediainfo-yazi": "mediainfo-yazi",
        "nix-index-database": "nix-index-database",
        "nixcats": "nixcats",
        "nixos-hardware": "nixos-hardware",
        "nixpkgs": "nixpkgs_7",
        "otter-launcher": "otter-launcher",
        "ouch-yazi": "ouch-yazi",
        "posting": "posting",
        "pref-by-location-yazi": "pref-by-location-yazi",
        "recycle-bin-yazi": "recycle-bin-yazi",
        "restore-yazi": "restore-yazi",
        "sops-nix": "sops-nix",
        "stylix": "stylix",
        "systems": "systems_4",
        "wl-clipboard-yazi": "wl-clipboard-yazi",
        "yazi": "yazi"
      }
    },
    "rust-analyzer-src": {
      "flake": false,
      "locked": {
        "lastModified": 1752428706,
        "narHash": "sha256-EJcdxw3aXfP8Ex1Nm3s0awyH9egQvB2Gu+QEnJn2Sfg=",
        "owner": "rust-lang",
        "repo": "rust-analyzer",
        "rev": "591e3b7624be97e4443ea7b5542c191311aa141d",
        "type": "github"
      },
      "original": {
        "owner": "rust-lang",
        "ref": "nightly",
        "repo": "rust-analyzer",
        "type": "github"
      }
    },
    "rust-overlay": {
      "inputs": {
        "nixpkgs": [
          "yazi",
          "nixpkgs"
        ]
      },
      "locked": {
        "lastModified": 1763952169,
        "narHash": "sha256-+PeDBD8P+NKauH+w7eO/QWCIp8Cx4mCfWnh9sJmy9CM=",
        "owner": "oxalica",
        "repo": "rust-overlay",
        "rev": "ab726555a9a72e6dc80649809147823a813fa95b",
        "type": "github"
      },
      "original": {
        "owner": "oxalica",
        "repo": "rust-overlay",
        "type": "github"
      }
    },
    "sops-nix": {
      "inputs": {
        "nixpkgs": [
          "nixpkgs"
        ]
      },
      "locked": {
        "lastModified": 1764021963,
        "narHash": "sha256-1m84V2ROwNEbqeS9t37/mkry23GBhfMt8qb6aHHmjuc=",
        "owner": "Mic92",
        "repo": "sops-nix",
        "rev": "c482a1c1bbe030be6688ed7dc84f7213f304f1ec",
        "type": "github"
      },
      "original": {
        "owner": "Mic92",
        "repo": "sops-nix",
        "type": "github"
      }
    },
    "stylix": {
      "inputs": {
        "base16": "base16",
        "base16-fish": "base16-fish",
        "base16-helix": "base16-helix",
        "base16-vim": "base16-vim",
        "firefox-gnome-theme": "firefox-gnome-theme",
        "flake-parts": "flake-parts_4",
        "gnome-shell": "gnome-shell",
        "nixpkgs": "nixpkgs_10",
        "nur": "nur",
        "systems": "systems_3",
        "tinted-foot": "tinted-foot",
        "tinted-kitty": "tinted-kitty",
        "tinted-schemes": "tinted-schemes",
        "tinted-tmux": "tinted-tmux",
        "tinted-zed": "tinted-zed"
      },
      "locked": {
        "lastModified": 1764047889,
        "narHash": "sha256-KGP5anhJ+uEv4qFV3UtD1YYVn00/zOqLdVBgSdrzW/c=",
        "owner": "danth",
        "repo": "stylix",
        "rev": "b5072c51308a20214b7eb095b6fd01ee100a8f18",
        "type": "github"
      },
      "original": {
        "owner": "danth",
        "ref": "release-25.11",
        "repo": "stylix",
        "type": "github"
      }
    },
    "systems": {
      "locked": {
        "lastModified": 1681028828,
        "narHash": "sha256-Vy1rq5AaRuLzOxct8nz4T6wlgyUR7zLU309k9mBC768=",
        "owner": "nix-systems",
        "repo": "default",
        "rev": "da67096a3b9bf56a91d16901293e51ba5b49a27e",
        "type": "github"
      },
      "original": {
        "owner": "nix-systems",
        "repo": "default",
        "type": "github"
      }
    },
    "systems_2": {
      "locked": {
        "lastModified": 1689347949,
        "narHash": "sha256-12tWmuL2zgBgZkdoB6qXZsgJEH9LR3oUgpaQq2RbI80=",
        "owner": "nix-systems",
        "repo": "default-linux",
        "rev": "31732fcf5e8fea42e59c2488ad31a0e651500f68",
        "type": "github"
      },
      "original": {
        "owner": "nix-systems",
        "repo": "default-linux",
        "type": "github"
      }
    },
    "systems_3": {
      "locked": {
        "lastModified": 1681028828,
        "narHash": "sha256-Vy1rq5AaRuLzOxct8nz4T6wlgyUR7zLU309k9mBC768=",
        "owner": "nix-systems",
        "repo": "default",
        "rev": "da67096a3b9bf56a91d16901293e51ba5b49a27e",
        "type": "github"
      },
      "original": {
        "owner": "nix-systems",
        "repo": "default",
        "type": "github"
      }
    },
    "systems_4": {
      "locked": {
        "lastModified": 1689347949,
        "narHash": "sha256-12tWmuL2zgBgZkdoB6qXZsgJEH9LR3oUgpaQq2RbI80=",
        "owner": "nix-systems",
        "repo": "default-linux",
        "rev": "31732fcf5e8fea42e59c2488ad31a0e651500f68",
        "type": "github"
      },
      "original": {
        "owner": "nix-systems",
        "repo": "default-linux",
        "type": "github"
      }
    },
    "systems_5": {
      "locked": {
        "lastModified": 1681028828,
        "narHash": "sha256-Vy1rq5AaRuLzOxct8nz4T6wlgyUR7zLU309k9mBC768=",
        "owner": "nix-systems",
        "repo": "default",
        "rev": "da67096a3b9bf56a91d16901293e51ba5b49a27e",
        "type": "github"
      },
      "original": {
        "owner": "nix-systems",
        "repo": "default",
        "type": "github"
      }
    },
    "textual-autocomplete": {
      "inputs": {
        "flake-parts": "flake-parts_3",
        "nixpkgs": [
          "posting",
          "nixpkgs"
        ]
      },
      "locked": {
        "lastModified": 1732111306,
        "narHash": "sha256-ftgjl5wjvLDLA0OPcAu948wGtFqZKc4MzgJFzXrSdyk=",
        "owner": "justdeeevin",
        "repo": "textual-autocomplete",
        "rev": "bddf68aa96b41d47db625547622d3c564bc6e198",
        "type": "github"
      },
      "original": {
        "owner": "justdeeevin",
        "ref": "flake",
        "repo": "textual-autocomplete",
        "type": "github"
      }
    },
    "tinted-foot": {
      "flake": false,
      "locked": {
        "lastModified": 1726913040,
        "narHash": "sha256-+eDZPkw7efMNUf3/Pv0EmsidqdwNJ1TaOum6k7lngDQ=",
        "owner": "tinted-theming",
        "repo": "tinted-foot",
        "rev": "fd1b924b6c45c3e4465e8a849e67ea82933fcbe4",
        "type": "github"
      },
      "original": {
        "owner": "tinted-theming",
        "repo": "tinted-foot",
        "rev": "fd1b924b6c45c3e4465e8a849e67ea82933fcbe4",
        "type": "github"
      }
    },
    "tinted-kitty": {
      "flake": false,
      "locked": {
        "lastModified": 1735730497,
        "narHash": "sha256-4KtB+FiUzIeK/4aHCKce3V9HwRvYaxX+F1edUrfgzb8=",
        "owner": "tinted-theming",
        "repo": "tinted-kitty",
        "rev": "de6f888497f2c6b2279361bfc790f164bfd0f3fa",
        "type": "github"
      },
      "original": {
        "owner": "tinted-theming",
        "repo": "tinted-kitty",
        "type": "github"
      }
    },
    "tinted-schemes": {
      "flake": false,
      "locked": {
        "lastModified": 1757716333,
        "narHash": "sha256-d4km8W7w2zCUEmPAPUoLk1NlYrGODuVa3P7St+UrqkM=",
        "owner": "tinted-theming",
        "repo": "schemes",
        "rev": "317a5e10c35825a6c905d912e480dfe8e71c7559",
        "type": "github"
      },
      "original": {
        "owner": "tinted-theming",
        "repo": "schemes",
        "type": "github"
      }
    },
    "tinted-tmux": {
      "flake": false,
      "locked": {
        "lastModified": 1757811970,
        "narHash": "sha256-n5ZJgmzGZXOD9pZdAl1OnBu3PIqD+X3vEBUGbTi4JiI=",
        "owner": "tinted-theming",
        "repo": "tinted-tmux",
        "rev": "d217ba31c846006e9e0ae70775b0ee0f00aa6b1e",
        "type": "github"
      },
      "original": {
        "owner": "tinted-theming",
        "repo": "tinted-tmux",
        "type": "github"
      }
    },
    "tinted-zed": {
      "flake": false,
      "locked": {
        "lastModified": 1757811247,
        "narHash": "sha256-4EFOUyLj85NRL3OacHoLGEo0wjiRJzfsXtR4CZWAn6w=",
        "owner": "tinted-theming",
        "repo": "base16-zed",
        "rev": "824fe0aacf82b3c26690d14e8d2cedd56e18404e",
        "type": "github"
      },
      "original": {
        "owner": "tinted-theming",
        "repo": "base16-zed",
        "type": "github"
      }
    },
    "wl-clipboard-yazi": {
      "flake": false,
      "locked": {
        "lastModified": 1756588340,
        "narHash": "sha256-3PRQl4TvuOe5DwVi1gmtmfTOEVZWRayijIbnPgaR3L8=",
        "owner": "grappas",
        "repo": "wl-clipboard.yazi",
        "rev": "e9a38e47d07549968019702bdafdc4ed07151b7d",
        "type": "github"
      },
      "original": {
        "owner": "grappas",
        "repo": "wl-clipboard.yazi",
        "type": "github"
      }
    },
    "yazi": {
      "inputs": {
        "flake-utils": "flake-utils_2",
        "nixpkgs": "nixpkgs_11",
        "rust-overlay": "rust-overlay"
      },
      "locked": {
        "lastModified": 1764149272,
        "narHash": "sha256-qQ1UB4hLrzaemZ1GjhJ2jhUqgm4pw63HanJKz+XDRvg=",
        "owner": "sxyazi",
        "repo": "yazi",
        "rev": "329c80cbee5bb9e527ffa475bc0df2477f71ed93",
        "type": "github"
      },
      "original": {
        "owner": "sxyazi",
        "repo": "yazi",
        "type": "github"
      }
    }
  },
  "root": "root",
  "version": 7
}
